
Microsoft Visual Studio Solution File, Format Version 12.00
# Visual Studio Version 17
VisualStudioVersion = 17.1.32228.430
MinimumVisualStudioVersion = 10.0.40219.1
Project("{9A19103F-16F7-4668-BE54-9A1E7A4F7556}") = "05-QueryWithNet", "05-build_net_app\05-QueryWithNet.csproj", "{8EC5A5B8-5E49-4D36-9B03-C06AAF67A891}"
EndProject
Global
	GlobalSection(SolutionConfigurationPlatforms) = preSolution
		Debug|Any CPU = Debug|Any CPU
		Release|Any CPU = Release|Any CPU
	EndGlobalSection
	GlobalSection(ProjectConfigurationPlatforms) = postSolution
		{8EC5A5B8-5E49-4D36-9B03-C06AAF67A891}.Debug|Any CPU.ActiveCfg = Debug|Any CPU
		{8EC5A5B8-5E49-4D36-9B03-C06AAF67A891}.Debug|Any CPU.Build.0 = Debug|Any CPU
		{8EC5A5B8-5E49-4D36-9B03-C06AAF67A891}.Release|Any CPU.ActiveCfg = Release|Any CPU
		{8EC5A5B8-5E49-4D36-9B03-C06AAF67A891}.Release|Any CPU.Build.0 = Release|Any CPU
	EndGlobalSection
	GlobalSection(SolutionProperties) = preSolution
		HideSolutionNode = FALSE
	EndGlobalSection
	GlobalSection(ExtensibilityGlobals) = postSolution
		SolutionGuid = {ACEA5061-0D83-4E2A-A4D3-F4A8EAB0BA3D}
	EndGlobalSection
EndGlobal
